
Microsoft Visual Studio Solution File, Format Version 12.00
# Visual Studio 2012
Project("{FAE04EC0-301F-11D3-BF4B-00C04F79EFBC}") = "AnalogClock.iOS", "AnalogClock.iOS\AnalogClock.iOS.csproj", "{69DC2865-6BFF-4172-857F-64DA4787A033}"
EndProject
Project("{FAE04EC0-301F-11D3-BF4B-00C04F79EFBC}") = "AnalogClock.Android", "AnalogClock.Android\AnalogClock.Android.csproj", "{992B695F-39B4-4D20-A4B4-DA619B9893C6}"
EndProject
Project("{D954291E-2A0B-460D-934E-DC6B0785DB48}") = "AnalogClock.Common", "AnalogClock.Common\AnalogClock.Common.shproj", "{29808547-B68A-420A-801A-B1B2A7375B8F}"
EndProject
Global
	GlobalSection(SolutionConfigurationPlatforms) = preSolution
		Debug|iPhoneSimulator = Debug|iPhoneSimulator
		Release|iPhone = Release|iPhone
		Release|iPhoneSimulator = Release|iPhoneSimulator
		Debug|iPhone = Debug|iPhone
		Debug|Any CPU = Debug|Any CPU
		Release|Any CPU = Release|Any CPU
	EndGlobalSection
	GlobalSection(ProjectConfigurationPlatforms) = postSolution
		{69DC2865-6BFF-4172-857F-64DA4787A033}.Debug|Any CPU.ActiveCfg = Debug|iPhoneSimulator
		{69DC2865-6BFF-4172-857F-64DA4787A033}.Debug|Any CPU.Build.0 = Debug|iPhoneSimulator
		{69DC2865-6BFF-4172-857F-64DA4787A033}.Debug|iPhone.ActiveCfg = Debug|iPhone
		{69DC2865-6BFF-4172-857F-64DA4787A033}.Debug|iPhone.Build.0 = Debug|iPhone
		{69DC2865-6BFF-4172-857F-64DA4787A033}.Debug|iPhoneSimulator.ActiveCfg = Debug|iPhoneSimulator
		{69DC2865-6BFF-4172-857F-64DA4787A033}.Debug|iPhoneSimulator.Build.0 = Debug|iPhoneSimulator
		{69DC2865-6BFF-4172-857F-64DA4787A033}.Release|Any CPU.ActiveCfg = Release|iPhoneSimulator
		{69DC2865-6BFF-4172-857F-64DA4787A033}.Release|Any CPU.Build.0 = Release|iPhoneSimulator
		{69DC2865-6BFF-4172-857F-64DA4787A033}.Release|iPhone.ActiveCfg = Release|iPhone
		{69DC2865-6BFF-4172-857F-64DA4787A033}.Release|iPhone.Build.0 = Release|iPhone
		{69DC2865-6BFF-4172-857F-64DA4787A033}.Release|iPhoneSimulator.ActiveCfg = Release|iPhoneSimulator
		{69DC2865-6BFF-4172-857F-64DA4787A033}.Release|iPhoneSimulator.Build.0 = Release|iPhoneSimulator
		{992B695F-39B4-4D20-A4B4-DA619B9893C6}.Debug|Any CPU.ActiveCfg = Debug|Any CPU
		{992B695F-39B4-4D20-A4B4-DA619B9893C6}.Debug|Any CPU.Build.0 = Debug|Any CPU
		{992B695F-39B4-4D20-A4B4-DA619B9893C6}.Debug|iPhone.ActiveCfg = Debug|Any CPU
		{992B695F-39B4-4D20-A4B4-DA619B9893C6}.Debug|iPhone.Build.0 = Debug|Any CPU
		{992B695F-39B4-4D20-A4B4-DA619B9893C6}.Debug|iPhoneSimulator.ActiveCfg = Debug|Any CPU
		{992B695F-39B4-4D20-A4B4-DA619B9893C6}.Debug|iPhoneSimulator.Build.0 = Debug|Any CPU
		{992B695F-39B4-4D20-A4B4-DA619B9893C6}.Release|Any CPU.ActiveCfg = Release|Any CPU
		{992B695F-39B4-4D20-A4B4-DA619B9893C6}.Release|Any CPU.Build.0 = Release|Any CPU
		{992B695F-39B4-4D20-A4B4-DA619B9893C6}.Release|iPhone.ActiveCfg = Release|Any CPU
		{992B695F-39B4-4D20-A4B4-DA619B9893C6}.Release|iPhone.Build.0 = Release|Any CPU
		{992B695F-39B4-4D20-A4B4-DA619B9893C6}.Release|iPhoneSimulator.ActiveCfg = Release|Any CPU
		{992B695F-39B4-4D20-A4B4-DA619B9893C6}.Release|iPhoneSimulator.Build.0 = Release|Any CPU
	EndGlobalSection
	GlobalSection(SolutionProperties) = preSolution
		HideSolutionNode = FALSE
	EndGlobalSection
	GlobalSection(MonoDevelopProperties) = preSolution
		StartupItem = AnalogClock.iOS\AnalogClock.iOS.csproj
	EndGlobalSection
EndGlobal
